github.com/google/go-cmp v0.6.0 h1:ofyhxvXcZhMsU5ulbFiLKl/XBFqE1GSq7atu8tAmTRI=
github.com/google/go-cmp v0.6.0/go.mod h1:17dUlkBOakJ0+DkrSSNjCkIjxS6bF9zb3elmeNGIjoY=
github.com/iancoleman/strcase v0.3.0 h1:nTXanmYxhfFAMjZL34Ov6gkzEsSJZ5DbhxWjvSASxEI=
github.com/iancoleman/strcase v0.3.0/go.mod h1:iwCmte+B7n89clKwxIoIXy/HfoL7AsD47ZCWhYzw7ho=
google.golang.org/genproto/googleapis/api v0.0.0-20250219182151-9fdb1cabc7b2 h1:35ZFtrCgaAjF7AFAK0+lRSf+4AyYnWRbH7og13p7rZ4=
google.golang.org/genproto/googleapis/api v0.0.0-20250219182151-9fdb1cabc7b2/go.mod h1:W9ynFDP/shebLB1Hl/ESTOap2jHd6pmLXPNZC7SVDbA=
google.golang.org/protobuf v1.36.5 h1:tPhr+woSbjfYvY6/GPufUoYizxw1cF/yFoxJ2fmpwlM=
google.golang.org/protobuf v1.36.5/go.mod h1:9fA7Ob0pmnwhb644+1+CVWFRbNajQ6iRojtC/QF5bRE=
